
Microsoft Visual Studio Solution File, Format Version 12.00
# Visual Studio Version 16
VisualStudioVersion = 16.0.30503.244
MinimumVisualStudioVersion = 10.0.40219.1
Project("{FAE04EC0-301F-11D3-BF4B-00C04F79EFBC}") = "CringePrak9", "CringePrak9\CringePrak9.csproj", "{EB8C36DB-0D96-4B21-8B1C-AA21D16F9060}"
EndProject
Project("{FAE04EC0-301F-11D3-BF4B-00C04F79EFBC}") = "CringePrak9Test", "CringePrak9Test\CringePrak9Test.csproj", "{ABD82899-2B8E-427D-A3BB-44585C315BC1}"
EndProject
Global
	GlobalSection(SolutionConfigurationPlatforms) = preSolution
		Debug|Any CPU = Debug|Any CPU
		Release|Any CPU = Release|Any CPU
	EndGlobalSection
	GlobalSection(ProjectConfigurationPlatforms) = postSolution
		{EB8C36DB-0D96-4B21-8B1C-AA21D16F9060}.Debug|Any CPU.ActiveCfg = Debug|Any CPU
		{EB8C36DB-0D96-4B21-8B1C-AA21D16F9060}.Debug|Any CPU.Build.0 = Debug|Any CPU
		{EB8C36DB-0D96-4B21-8B1C-AA21D16F9060}.Release|Any CPU.ActiveCfg = Release|Any CPU
		{EB8C36DB-0D96-4B21-8B1C-AA21D16F9060}.Release|Any CPU.Build.0 = Release|Any CPU
		{ABD82899-2B8E-427D-A3BB-44585C315BC1}.Debug|Any CPU.ActiveCfg = Debug|Any CPU
		{ABD82899-2B8E-427D-A3BB-44585C315BC1}.Debug|Any CPU.Build.0 = Debug|Any CPU
		{ABD82899-2B8E-427D-A3BB-44585C315BC1}.Release|Any CPU.ActiveCfg = Release|Any CPU
		{ABD82899-2B8E-427D-A3BB-44585C315BC1}.Release|Any CPU.Build.0 = Release|Any CPU
	EndGlobalSection
	GlobalSection(SolutionProperties) = preSolution
		HideSolutionNode = FALSE
	EndGlobalSection
	GlobalSection(ExtensibilityGlobals) = postSolution
		SolutionGuid = {52279001-E626-4C43-8AB5-C912CFDAE79F}
	EndGlobalSection
EndGlobal
